
Microsoft Visual Studio Solution File, Format Version 12.00
# Visual Studio Version 16
VisualStudioVersion = 16.0.31313.79
MinimumVisualStudioVersion = 10.0.40219.1
Project("{8BC9CEB8-8B4A-11D0-8D11-00A0C91BC942}") = "Day6", "Day6\Day6.vcxproj", "{F05E7980-2F43-4BF1-97D0-2F1C2FC75AFC}"
EndProject
Project("{8BC9CEB8-8B4A-11D0-8D11-00A0C91BC942}") = "Day6_P1_H", "Day6_P1_H\Day6_P1_H.vcxproj", "{AD0CD425-11B4-4A2D-810D-B97EEF40FBB9}"
EndProject
Project("{8BC9CEB8-8B4A-11D0-8D11-00A0C91BC942}") = "Day6_P2_E", "Day6_P2_E\Day6_P2_E.vcxproj", "{31BE1C25-88B1-4C76-A262-280C3A5352DB}"
EndProject
Project("{8BC9CEB8-8B4A-11D0-8D11-00A0C91BC942}") = "Day6_P2_H", "Day6_P2_H\Day6_P2_H.vcxproj", "{E11E15AB-560B-49BC-B6CC-AFC355972B87}"
EndProject
Global
	GlobalSection(SolutionConfigurationPlatforms) = preSolution
		Debug|x64 = Debug|x64
		Debug|x86 = Debug|x86
		Release|x64 = Release|x64
		Release|x86 = Release|x86
	EndGlobalSection
	GlobalSection(ProjectConfigurationPlatforms) = postSolution
		{F05E7980-2F43-4BF1-97D0-2F1C2FC75AFC}.Debug|x64.ActiveCfg = Debug|x64
		{F05E7980-2F43-4BF1-97D0-2F1C2FC75AFC}.Debug|x64.Build.0 = Debug|x64
		{F05E7980-2F43-4BF1-97D0-2F1C2FC75AFC}.Debug|x86.ActiveCfg = Debug|Win32
		{F05E7980-2F43-4BF1-97D0-2F1C2FC75AFC}.Debug|x86.Build.0 = Debug|Win32
		{F05E7980-2F43-4BF1-97D0-2F1C2FC75AFC}.Release|x64.ActiveCfg = Release|x64
		{F05E7980-2F43-4BF1-97D0-2F1C2FC75AFC}.Release|x64.Build.0 = Release|x64
		{F05E7980-2F43-4BF1-97D0-2F1C2FC75AFC}.Release|x86.ActiveCfg = Release|Win32
		{F05E7980-2F43-4BF1-97D0-2F1C2FC75AFC}.Release|x86.Build.0 = Release|Win32
		{AD0CD425-11B4-4A2D-810D-B97EEF40FBB9}.Debug|x64.ActiveCfg = Debug|x64
		{AD0CD425-11B4-4A2D-810D-B97EEF40FBB9}.Debug|x64.Build.0 = Debug|x64
		{AD0CD425-11B4-4A2D-810D-B97EEF40FBB9}.Debug|x86.ActiveCfg = Debug|Win32
		{AD0CD425-11B4-4A2D-810D-B97EEF40FBB9}.Debug|x86.Build.0 = Debug|Win32
		{AD0CD425-11B4-4A2D-810D-B97EEF40FBB9}.Release|x64.ActiveCfg = Release|x64
		{AD0CD425-11B4-4A2D-810D-B97EEF40FBB9}.Release|x64.Build.0 = Release|x64
		{AD0CD425-11B4-4A2D-810D-B97EEF40FBB9}.Release|x86.ActiveCfg = Release|Win32
		{AD0CD425-11B4-4A2D-810D-B97EEF40FBB9}.Release|x86.Build.0 = Release|Win32
		{31BE1C25-88B1-4C76-A262-280C3A5352DB}.Debug|x64.ActiveCfg = Debug|x64
		{31BE1C25-88B1-4C76-A262-280C3A5352DB}.Debug|x64.Build.0 = Debug|x64
		{31BE1C25-88B1-4C76-A262-280C3A5352DB}.Debug|x86.ActiveCfg = Debug|Win32
		{31BE1C25-88B1-4C76-A262-280C3A5352DB}.Debug|x86.Build.0 = Debug|Win32
		{31BE1C25-88B1-4C76-A262-280C3A5352DB}.Release|x64.ActiveCfg = Release|x64
		{31BE1C25-88B1-4C76-A262-280C3A5352DB}.Release|x64.Build.0 = Release|x64
		{31BE1C25-88B1-4C76-A262-280C3A5352DB}.Release|x86.ActiveCfg = Release|Win32
		{31BE1C25-88B1-4C76-A262-280C3A5352DB}.Release|x86.Build.0 = Release|Win32
		{E11E15AB-560B-49BC-B6CC-AFC355972B87}.Debug|x64.ActiveCfg = Debug|x64
		{E11E15AB-560B-49BC-B6CC-AFC355972B87}.Debug|x64.Build.0 = Debug|x64
		{E11E15AB-560B-49BC-B6CC-AFC355972B87}.Debug|x86.ActiveCfg = Debug|Win32
		{E11E15AB-560B-49BC-B6CC-AFC355972B87}.Debug|x86.Build.0 = Debug|Win32
		{E11E15AB-560B-49BC-B6CC-AFC355972B87}.Release|x64.ActiveCfg = Release|x64
		{E11E15AB-560B-49BC-B6CC-AFC355972B87}.Release|x64.Build.0 = Release|x64
		{E11E15AB-560B-49BC-B6CC-AFC355972B87}.Release|x86.ActiveCfg = Release|Win32
		{E11E15AB-560B-49BC-B6CC-AFC355972B87}.Release|x86.Build.0 = Release|Win32
	EndGlobalSection
	GlobalSection(SolutionProperties) = preSolution
		HideSolutionNode = FALSE
	EndGlobalSection
	GlobalSection(ExtensibilityGlobals) = postSolution
		SolutionGuid = {9B003D31-24EE-47F7-9408-BC0B1B0E5206}
	EndGlobalSection
EndGlobal
