
Microsoft Visual Studio Solution File, Format Version 12.00
# Visual Studio Version 16
VisualStudioVersion = 16.0.31313.79
MinimumVisualStudioVersion = 10.0.40219.1
Project("{8BC9CEB8-8B4A-11D0-8D11-00A0C91BC942}") = "Project1", "Project1\Project1.vcxproj", "{F27AA232-3C20-4AC9-848B-424D27000245}"
EndProject
Project("{8BC9CEB8-8B4A-11D0-8D11-00A0C91BC942}") = "Day9_P1_H", "Day9_P1_H\Day9_P1_H.vcxproj", "{D64FD590-2498-43B5-AC01-BDB24FBB0443}"
EndProject
Project("{8BC9CEB8-8B4A-11D0-8D11-00A0C91BC942}") = "Day9_P2_E", "Day9_P2_E\Day9_P2_E.vcxproj", "{D941CD32-E9E2-49E3-8F60-3AFD1DD1CBD8}"
EndProject
Project("{8BC9CEB8-8B4A-11D0-8D11-00A0C91BC942}") = "Day9_P2_H", "Day9_P2_H\Day9_P2_H.vcxproj", "{E4678708-814B-4189-9D34-9A2C5E2B4B91}"
EndProject
Global
	GlobalSection(SolutionConfigurationPlatforms) = preSolution
		Debug|x64 = Debug|x64
		Debug|x86 = Debug|x86
		Release|x64 = Release|x64
		Release|x86 = Release|x86
	EndGlobalSection
	GlobalSection(ProjectConfigurationPlatforms) = postSolution
		{F27AA232-3C20-4AC9-848B-424D27000245}.Debug|x64.ActiveCfg = Debug|x64
		{F27AA232-3C20-4AC9-848B-424D27000245}.Debug|x64.Build.0 = Debug|x64
		{F27AA232-3C20-4AC9-848B-424D27000245}.Debug|x86.ActiveCfg = Debug|Win32
		{F27AA232-3C20-4AC9-848B-424D27000245}.Debug|x86.Build.0 = Debug|Win32
		{F27AA232-3C20-4AC9-848B-424D27000245}.Release|x64.ActiveCfg = Release|x64
		{F27AA232-3C20-4AC9-848B-424D27000245}.Release|x64.Build.0 = Release|x64
		{F27AA232-3C20-4AC9-848B-424D27000245}.Release|x86.ActiveCfg = Release|Win32
		{F27AA232-3C20-4AC9-848B-424D27000245}.Release|x86.Build.0 = Release|Win32
		{D64FD590-2498-43B5-AC01-BDB24FBB0443}.Debug|x64.ActiveCfg = Debug|x64
		{D64FD590-2498-43B5-AC01-BDB24FBB0443}.Debug|x64.Build.0 = Debug|x64
		{D64FD590-2498-43B5-AC01-BDB24FBB0443}.Debug|x86.ActiveCfg = Debug|Win32
		{D64FD590-2498-43B5-AC01-BDB24FBB0443}.Debug|x86.Build.0 = Debug|Win32
		{D64FD590-2498-43B5-AC01-BDB24FBB0443}.Release|x64.ActiveCfg = Release|x64
		{D64FD590-2498-43B5-AC01-BDB24FBB0443}.Release|x64.Build.0 = Release|x64
		{D64FD590-2498-43B5-AC01-BDB24FBB0443}.Release|x86.ActiveCfg = Release|Win32
		{D64FD590-2498-43B5-AC01-BDB24FBB0443}.Release|x86.Build.0 = Release|Win32
		{D941CD32-E9E2-49E3-8F60-3AFD1DD1CBD8}.Debug|x64.ActiveCfg = Debug|x64
		{D941CD32-E9E2-49E3-8F60-3AFD1DD1CBD8}.Debug|x64.Build.0 = Debug|x64
		{D941CD32-E9E2-49E3-8F60-3AFD1DD1CBD8}.Debug|x86.ActiveCfg = Debug|Win32
		{D941CD32-E9E2-49E3-8F60-3AFD1DD1CBD8}.Debug|x86.Build.0 = Debug|Win32
		{D941CD32-E9E2-49E3-8F60-3AFD1DD1CBD8}.Release|x64.ActiveCfg = Release|x64
		{D941CD32-E9E2-49E3-8F60-3AFD1DD1CBD8}.Release|x64.Build.0 = Release|x64
		{D941CD32-E9E2-49E3-8F60-3AFD1DD1CBD8}.Release|x86.ActiveCfg = Release|Win32
		{D941CD32-E9E2-49E3-8F60-3AFD1DD1CBD8}.Release|x86.Build.0 = Release|Win32
		{E4678708-814B-4189-9D34-9A2C5E2B4B91}.Debug|x64.ActiveCfg = Debug|x64
		{E4678708-814B-4189-9D34-9A2C5E2B4B91}.Debug|x64.Build.0 = Debug|x64
		{E4678708-814B-4189-9D34-9A2C5E2B4B91}.Debug|x86.ActiveCfg = Debug|Win32
		{E4678708-814B-4189-9D34-9A2C5E2B4B91}.Debug|x86.Build.0 = Debug|Win32
		{E4678708-814B-4189-9D34-9A2C5E2B4B91}.Release|x64.ActiveCfg = Release|x64
		{E4678708-814B-4189-9D34-9A2C5E2B4B91}.Release|x64.Build.0 = Release|x64
		{E4678708-814B-4189-9D34-9A2C5E2B4B91}.Release|x86.ActiveCfg = Release|Win32
		{E4678708-814B-4189-9D34-9A2C5E2B4B91}.Release|x86.Build.0 = Release|Win32
	EndGlobalSection
	GlobalSection(SolutionProperties) = preSolution
		HideSolutionNode = FALSE
	EndGlobalSection
	GlobalSection(ExtensibilityGlobals) = postSolution
		SolutionGuid = {B7665ADF-46B3-448A-AF28-C20B3A9444E9}
	EndGlobalSection
EndGlobal
